
Microsoft Visual Studio Solution File, Format Version 12.00
# Visual Studio Version 17
VisualStudioVersion = 17.0.32014.148
MinimumVisualStudioVersion = 10.0.40219.1
Project("{FAE04EC0-301F-11D3-BF4B-00C04F79EFBC}") = "CsvParser", "CsvParser\CsvParser.csproj", "{EE8A2DDE-3388-40E7-904C-6109FA4CA663}"
EndProject
Global
	GlobalSection(SolutionConfigurationPlatforms) = preSolution
		Debug|Any CPU = Debug|Any CPU
		Release|Any CPU = Release|Any CPU
	EndGlobalSection
	GlobalSection(ProjectConfigurationPlatforms) = postSolution
		{EE8A2DDE-3388-40E7-904C-6109FA4CA663}.Debug|Any CPU.ActiveCfg = Debug|Any CPU
		{EE8A2DDE-3388-40E7-904C-6109FA4CA663}.Debug|Any CPU.Build.0 = Debug|Any CPU
		{EE8A2DDE-3388-40E7-904C-6109FA4CA663}.Release|Any CPU.ActiveCfg = Release|Any CPU
		{EE8A2DDE-3388-40E7-904C-6109FA4CA663}.Release|Any CPU.Build.0 = Release|Any CPU
	EndGlobalSection
	GlobalSection(SolutionProperties) = preSolution
		HideSolutionNode = FALSE
	EndGlobalSection
	GlobalSection(ExtensibilityGlobals) = postSolution
		SolutionGuid = {9EFADCA8-9372-47A1-8122-BCB4A6AEB24D}
	EndGlobalSection
EndGlobal
